
Microsoft Visual Studio Solution File, Format Version 12.00
# Visual Studio Version 17
VisualStudioVersion = 17.10.35013.160
MinimumVisualStudioVersion = 10.0.40219.1
Project("{FAE04EC0-301F-11D3-BF4B-00C04F79EFBC}") = "EmpTest", "EmpTest.csproj", "{183F1DF8-7AF5-496B-A204-ECF40070B50A}"
EndProject
Global
	GlobalSection(SolutionConfigurationPlatforms) = preSolution
		Debug|Any CPU = Debug|Any CPU
		Release|Any CPU = Release|Any CPU
	EndGlobalSection
	GlobalSection(ProjectConfigurationPlatforms) = postSolution
		{183F1DF8-7AF5-496B-A204-ECF40070B50A}.Debug|Any CPU.ActiveCfg = Debug|Any CPU
		{183F1DF8-7AF5-496B-A204-ECF40070B50A}.Debug|Any CPU.Build.0 = Debug|Any CPU
		{183F1DF8-7AF5-496B-A204-ECF40070B50A}.Release|Any CPU.ActiveCfg = Release|Any CPU
		{183F1DF8-7AF5-496B-A204-ECF40070B50A}.Release|Any CPU.Build.0 = Release|Any CPU
	EndGlobalSection
	GlobalSection(SolutionProperties) = preSolution
		HideSolutionNode = FALSE
	EndGlobalSection
	GlobalSection(ExtensibilityGlobals) = postSolution
		SolutionGuid = {9E10B6BD-D6BA-41AC-A219-9561CB7C97D3}
	EndGlobalSection
EndGlobal
